
Microsoft Visual Studio Solution File, Format Version 12.00
# Visual Studio Version 17
VisualStudioVersion = 17.11.35222.181
MinimumVisualStudioVersion = 10.0.40219.1
Project("{FAE04EC0-301F-11D3-BF4B-00C04F79EFBC}") = "Library_Management_System", "Library_Management_System\Library_Management_System.csproj", "{EAD60375-7B94-4CB5-8FFC-254CF8FC008A}"
EndProject
Global
	GlobalSection(SolutionConfigurationPlatforms) = preSolution
		Debug|Any CPU = Debug|Any CPU
		Release|Any CPU = Release|Any CPU
	EndGlobalSection
	GlobalSection(ProjectConfigurationPlatforms) = postSolution
		{EAD60375-7B94-4CB5-8FFC-254CF8FC008A}.Debug|Any CPU.ActiveCfg = Debug|Any CPU
		{EAD60375-7B94-4CB5-8FFC-254CF8FC008A}.Debug|Any CPU.Build.0 = Debug|Any CPU
		{EAD60375-7B94-4CB5-8FFC-254CF8FC008A}.Release|Any CPU.ActiveCfg = Release|Any CPU
		{EAD60375-7B94-4CB5-8FFC-254CF8FC008A}.Release|Any CPU.Build.0 = Release|Any CPU
	EndGlobalSection
	GlobalSection(SolutionProperties) = preSolution
		HideSolutionNode = FALSE
	EndGlobalSection
	GlobalSection(ExtensibilityGlobals) = postSolution
		SolutionGuid = {3D0466CF-8062-4B52-B429-78E3B80CA833}
	EndGlobalSection
EndGlobal
